buf.build/gen/go/tanamoe/urano/connectrpc/go v1.19.1-20251215151812-8f054cc21d74.2 h1:QZVaEKtgqxUD+7nHk8iWQXgVzMewdCopQKtsabkv6Sc=
buf.build/gen/go/tanamoe/urano/connectrpc/go v1.19.1-20251215151812-8f054cc21d74.2/go.mod h1:wHa6TLPeDZVfMetprtK9GGjO/ZZObD4I3H3QSGLKQ4Y=
buf.build/gen/go/tanamoe/urano/connectrpc/go v1.19.1-20251220024416-b16b3d198942.2 h1:F3BAC+79oN1MWDVEcAtNkuusv03OV03hapagjSFO7Ig=
buf.build/gen/go/tanamoe/urano/connectrpc/go v1.19.1-20251220024416-b16b3d198942.2/go.mod h1:i2uG3QOS0JpNT7lZfF9XQu+1O61IIvQET7lgi0hNHBI=
buf.build/gen/go/tanamoe/urano/protocolbuffers/go v1.36.11-20251215151812-8f054cc21d74.1 h1:6MtBxuAGeKVhcHl7C3kxt+0xmLOiEPbho4+nS1OKUMs=
buf.build/gen/go/tanamoe/urano/protocolbuffers/go v1.36.11-20251215151812-8f054cc21d74.1/go.mod h1:z9I0KyyIJivi6u27FGLCaGjI4D9Vot9yE5p2cq6HIyk=
buf.build/gen/go/tanamoe/urano/protocolbuffers/go v1.36.11-20251220024416-b16b3d198942.1 h1:SVCS3oCiH1/uBdUOhGxQ1go8rN4/ziKBJpwCyV1xYHo=
buf.build/gen/go/tanamoe/urano/protocolbuffers/go v1.36.11-20251220024416-b16b3d198942.1/go.mod h1:z9I0KyyIJivi6u27FGLCaGjI4D9Vot9yE5p2cq6HIyk=
connectrpc.com/connect v1.19.1 h1:R5M57z05+90EfEvCY1b7hBxDVOUl45PrtXtAV2fOC14=
connectrpc.com/connect v1.19.1/go.mod h1:tN20fjdGlewnSFeZxLKb0xwIZ6ozc3OQs2hTXy4du9w=
connectrpc.com/cors v0.1.0 h1:f3gTXJyDZPrDIZCQ567jxfD9PAIpopHiRDnJRt3QuOQ=
connectrpc.com/cors v0.1.0/go.mod h1:v8SJZCPfHtGH1zsm+Ttajpozd4cYIUryl4dFB6QEpfg=
github.com/davecgh/go-spew v1.1.1 h1:vj9j/u1bqnvCEfJOwUhtlOARqs3+rkHYY13jYWTU97c=
github.com/davecgh/go-spew v1.1.1/go.mod h1:J7Y8YcW2NihsgmVo/mv3lAwl/skON4iLHjSsI+c5H38=
github.com/google/go-cmp v0.7.0 h1:wk8382ETsv4JYUZwIsn6YpYiWiBsYLSJiTsyBybVuN8=
github.com/google/go-cmp v0.7.0/go.mod h1:pXiqmnSA92OHEEa9HXL2W4E7lf9JzCmGVUdgjX3N/iU=
github.com/pmezard/go-difflib v1.0.0 h1:4DBwDE0NGyQoBHbLQYPwSUPoCMWR5BEzIk/f1lZbAQM=
github.com/pmezard/go-difflib v1.0.0/go.mod h1:iKH77koFhYxTK1pcRnkKkqfTogsbg7gZNVY4sRDYZ/4=
github.com/rs/cors v1.11.1 h1:eU3gRzXLRK57F5rKMGMZURNdIG4EoAmX8k94r9wXWHA=
github.com/rs/cors v1.11.1/go.mod h1:XyqrcTp5zjWr1wsJ8PIRZssZ8b/WMcMf71DJnit4EMU=
github.com/stretchr/testify v1.11.1 h1:7s2iGBzp5EwR7/aIZr8ao5+dra3wiQyKjjFuvgVKu7U=
github.com/stretchr/testify v1.11.1/go.mod h1:wZwfW3scLgRK+23gO65QZefKpKQRnfz6sD981Nm4B6U=
google.golang.org/protobuf v1.36.11 h1:fV6ZwhNocDyBLK0dj+fg8ektcVegBBuEolpbTQyBNVE=
google.golang.org/protobuf v1.36.11/go.mod h1:HTf+CrKn2C3g5S8VImy6tdcUvCska2kB7j23XfzDpco=
gopkg.in/check.v1 v0.0.0-20161208181325-20d25e280405 h1:yhCVgyC4o1eVCa2tZl7eS0r+SDo693bJlVdllGtEeKM=
gopkg.in/check.v1 v0.0.0-20161208181325-20d25e280405/go.mod h1:Co6ibVJAznAaIkqp8huTwlJQCZ016jof/cbN4VW5Yz0=
gopkg.in/yaml.v3 v3.0.1 h1:fxVm/GzAzEWqLHuvctI91KS9hhNmmWOoWu0XTYJS7CA=
gopkg.in/yaml.v3 v3.0.1/go.mod h1:K4uyk7z7BCEPqu6E+C64Yfv1cQ7kz7rIZviUmN+EgEM=
